
Microsoft Visual Studio Solution File, Format Version 12.00
# Visual Studio Version 17
VisualStudioVersion = 17.10.34928.147
MinimumVisualStudioVersion = 10.0.40219.1
Project("{9A19103F-16F7-4668-BE54-9A1E7A4F7556}") = "UrlShortner-AWSLambdaWithPostgreSQLDb", "UrlShortner-AWSLambdaWithPostgreSQLDb.csproj", "{FD4CEC41-D50B-4BC2-A345-E589EA7303D9}"
EndProject
Project("{2150E333-8FDC-42A3-9474-1A3956D46DE8}") = "src", "src", "{714E17C6-F952-44F0-9F07-728862FC4AE7}"
EndProject
Global
	GlobalSection(SolutionConfigurationPlatforms) = preSolution
		Debug|Any CPU = Debug|Any CPU
		Release|Any CPU = Release|Any CPU
	EndGlobalSection
	GlobalSection(ProjectConfigurationPlatforms) = postSolution
		{FD4CEC41-D50B-4BC2-A345-E589EA7303D9}.Debug|Any CPU.ActiveCfg = Debug|Any CPU
		{FD4CEC41-D50B-4BC2-A345-E589EA7303D9}.Debug|Any CPU.Build.0 = Debug|Any CPU
		{FD4CEC41-D50B-4BC2-A345-E589EA7303D9}.Release|Any CPU.ActiveCfg = Release|Any CPU
		{FD4CEC41-D50B-4BC2-A345-E589EA7303D9}.Release|Any CPU.Build.0 = Release|Any CPU
	EndGlobalSection
	GlobalSection(SolutionProperties) = preSolution
		HideSolutionNode = FALSE
	EndGlobalSection
	GlobalSection(NestedProjects) = preSolution
		{FD4CEC41-D50B-4BC2-A345-E589EA7303D9} = {714E17C6-F952-44F0-9F07-728862FC4AE7}
	EndGlobalSection
	GlobalSection(ExtensibilityGlobals) = postSolution
		SolutionGuid = {A85E0DF2-76C3-4C20-8A13-B1C5FBAECF5D}
	EndGlobalSection
EndGlobal
